
Microsoft Visual Studio Solution File, Format Version 12.00
# Visual Studio Version 17
VisualStudioVersion = 17.9.34723.18
MinimumVisualStudioVersion = 10.0.40219.1
Project("{FAE04EC0-301F-11D3-BF4B-00C04F79EFBC}") = "Transfer", "Transfer\Transfer.csproj", "{E19EF81E-8ACB-4145-B0D4-81D2881CD340}"
EndProject
Global
	GlobalSection(SolutionConfigurationPlatforms) = preSolution
		Debug|Any CPU = Debug|Any CPU
		Release|Any CPU = Release|Any CPU
	EndGlobalSection
	GlobalSection(ProjectConfigurationPlatforms) = postSolution
		{E19EF81E-8ACB-4145-B0D4-81D2881CD340}.Debug|Any CPU.ActiveCfg = Debug|Any CPU
		{E19EF81E-8ACB-4145-B0D4-81D2881CD340}.Debug|Any CPU.Build.0 = Debug|Any CPU
		{E19EF81E-8ACB-4145-B0D4-81D2881CD340}.Release|Any CPU.ActiveCfg = Release|Any CPU
		{E19EF81E-8ACB-4145-B0D4-81D2881CD340}.Release|Any CPU.Build.0 = Release|Any CPU
	EndGlobalSection
	GlobalSection(SolutionProperties) = preSolution
		HideSolutionNode = FALSE
	EndGlobalSection
	GlobalSection(ExtensibilityGlobals) = postSolution
		SolutionGuid = {AF1F1A08-0B0C-4DDF-97A2-167D22046143}
	EndGlobalSection
EndGlobal
